
Microsoft Visual Studio Solution File, Format Version 10.00
# Visual Studio 2008
Project("{2150E333-8FDC-42A3-9474-1A3956D46DE8}") = "1-priklad", "1-priklad", "{6B0E5F85-7099-487C-8AD9-C252233B4B5C}"
EndProject
Project("{2150E333-8FDC-42A3-9474-1A3956D46DE8}") = "Host", "Host", "{F7E28DE1-7767-44D8-BDC8-F3EE6DEE5419}"
EndProject
Project("{2150E333-8FDC-42A3-9474-1A3956D46DE8}") = "Client", "Client", "{679695D7-D5CC-4C15-84DF-4AF396511CC9}"
EndProject
Project("{FAE04EC0-301F-11D3-BF4B-00C04F79EFBC}") = "MyService1", "MyService1\MyService1.csproj", "{885B3D4F-410A-47E2-8ECB-FD2D4CE5B391}"
EndProject
Project("{FAE04EC0-301F-11D3-BF4B-00C04F79EFBC}") = "WinClient1", "WinClient1\WinClient1.csproj", "{64682063-6A4B-49E8-A30E-06D531831632}"
	ProjectSection(ProjectDependencies) = postProject
		{885B3D4F-410A-47E2-8ECB-FD2D4CE5B391} = {885B3D4F-410A-47E2-8ECB-FD2D4CE5B391}
	EndProjectSection
EndProject
Project("{2150E333-8FDC-42A3-9474-1A3956D46DE8}") = "Data", "Data", "{86FD1D15-BA43-4C3C-8618-C183D044CD0F}"
EndProject
Project("{2150E333-8FDC-42A3-9474-1A3956D46DE8}") = "MessagingDataDb", "MessagingDataDb", "{FBB88242-871E-4135-90EA-4A8FCE7F22D5}"
EndProject
Project("{FAE04EC0-301F-11D3-BF4B-00C04F79EFBC}") = "MessagingDataDbLibrary", "MessagingDataDbLibrary\MessagingDataDbLibrary.csproj", "{74E66D23-687B-40FE-AF14-463961382F6E}"
EndProject
Project("{FAE04EC0-301F-11D3-BF4B-00C04F79EFBC}") = "WCFMessagingService", "WCFMessagingService\WCFMessagingService.csproj", "{2D61AA4D-E3E2-47DA-B243-D4F52E787CDE}"
EndProject
Project("{FAE04EC0-301F-11D3-BF4B-00C04F79EFBC}") = "MyWcfWebApp", "MyWcfWebApp\MyWcfWebApp.csproj", "{2B25BAA8-4436-4F2C-894B-000131E9EDC3}"
EndProject
Project("{FAE04EC0-301F-11D3-BF4B-00C04F79EFBC}") = "WebClient", "WebClient\WebClient.csproj", "{64C66A8D-ECFB-4F71-961E-FD4FF6BF85CE}"
EndProject
Project("{2150E333-8FDC-42A3-9474-1A3956D46DE8}") = "DataLayer", "DataLayer", "{510B14CA-8517-497D-8D45-3D4A831089AC}"
EndProject
Project("{FAE04EC0-301F-11D3-BF4B-00C04F79EFBC}") = "MessDataLayer", "MessDataLayer\MessDataLayer.csproj", "{A899BEEB-A564-4020-A99C-EE3DE70AFB82}"
EndProject
Project("{2150E333-8FDC-42A3-9474-1A3956D46DE8}") = "ClientLayer", "ClientLayer", "{A6C71CDA-1E9F-4373-A511-17B25E4C44F1}"
EndProject
Project("{FAE04EC0-301F-11D3-BF4B-00C04F79EFBC}") = "MessClientAPI", "MessClientAPI\MessClientAPI.csproj", "{D757F93B-724E-40BC-A5DA-A0D624F36AD8}"
	ProjectSection(ProjectDependencies) = postProject
		{885B3D4F-410A-47E2-8ECB-FD2D4CE5B391} = {885B3D4F-410A-47E2-8ECB-FD2D4CE5B391}
	EndProjectSection
EndProject
Project("{FAE04EC0-301F-11D3-BF4B-00C04F79EFBC}") = "WPF_IM_CLIENT", "WPF_IM_CLIENT\WPF_IM_CLIENT.csproj", "{4D2474E7-57A0-445B-B4A1-E7CF0418D2D6}"
EndProject
Global
	GlobalSection(SolutionConfigurationPlatforms) = preSolution
		Debug|Any CPU = Debug|Any CPU
		Release|Any CPU = Release|Any CPU
	EndGlobalSection
	GlobalSection(ProjectConfigurationPlatforms) = postSolution
		{885B3D4F-410A-47E2-8ECB-FD2D4CE5B391}.Debug|Any CPU.ActiveCfg = Debug|Any CPU
		{885B3D4F-410A-47E2-8ECB-FD2D4CE5B391}.Debug|Any CPU.Build.0 = Debug|Any CPU
		{885B3D4F-410A-47E2-8ECB-FD2D4CE5B391}.Release|Any CPU.ActiveCfg = Release|Any CPU
		{885B3D4F-410A-47E2-8ECB-FD2D4CE5B391}.Release|Any CPU.Build.0 = Release|Any CPU
		{64682063-6A4B-49E8-A30E-06D531831632}.Debug|Any CPU.ActiveCfg = Debug|Any CPU
		{64682063-6A4B-49E8-A30E-06D531831632}.Debug|Any CPU.Build.0 = Debug|Any CPU
		{64682063-6A4B-49E8-A30E-06D531831632}.Release|Any CPU.ActiveCfg = Release|Any CPU
		{64682063-6A4B-49E8-A30E-06D531831632}.Release|Any CPU.Build.0 = Release|Any CPU
		{74E66D23-687B-40FE-AF14-463961382F6E}.Debug|Any CPU.ActiveCfg = Debug|Any CPU
		{74E66D23-687B-40FE-AF14-463961382F6E}.Debug|Any CPU.Build.0 = Debug|Any CPU
		{74E66D23-687B-40FE-AF14-463961382F6E}.Release|Any CPU.ActiveCfg = Release|Any CPU
		{74E66D23-687B-40FE-AF14-463961382F6E}.Release|Any CPU.Build.0 = Release|Any CPU
		{2D61AA4D-E3E2-47DA-B243-D4F52E787CDE}.Debug|Any CPU.ActiveCfg = Debug|Any CPU
		{2D61AA4D-E3E2-47DA-B243-D4F52E787CDE}.Debug|Any CPU.Build.0 = Debug|Any CPU
		{2D61AA4D-E3E2-47DA-B243-D4F52E787CDE}.Release|Any CPU.ActiveCfg = Release|Any CPU
		{2D61AA4D-E3E2-47DA-B243-D4F52E787CDE}.Release|Any CPU.Build.0 = Release|Any CPU
		{2B25BAA8-4436-4F2C-894B-000131E9EDC3}.Debug|Any CPU.ActiveCfg = Debug|Any CPU
		{2B25BAA8-4436-4F2C-894B-000131E9EDC3}.Debug|Any CPU.Build.0 = Debug|Any CPU
		{2B25BAA8-4436-4F2C-894B-000131E9EDC3}.Release|Any CPU.ActiveCfg = Release|Any CPU
		{2B25BAA8-4436-4F2C-894B-000131E9EDC3}.Release|Any CPU.Build.0 = Release|Any CPU
		{64C66A8D-ECFB-4F71-961E-FD4FF6BF85CE}.Debug|Any CPU.ActiveCfg = Debug|Any CPU
		{64C66A8D-ECFB-4F71-961E-FD4FF6BF85CE}.Debug|Any CPU.Build.0 = Debug|Any CPU
		{64C66A8D-ECFB-4F71-961E-FD4FF6BF85CE}.Release|Any CPU.ActiveCfg = Release|Any CPU
		{64C66A8D-ECFB-4F71-961E-FD4FF6BF85CE}.Release|Any CPU.Build.0 = Release|Any CPU
		{A899BEEB-A564-4020-A99C-EE3DE70AFB82}.Debug|Any CPU.ActiveCfg = Debug|Any CPU
		{A899BEEB-A564-4020-A99C-EE3DE70AFB82}.Debug|Any CPU.Build.0 = Debug|Any CPU
		{A899BEEB-A564-4020-A99C-EE3DE70AFB82}.Release|Any CPU.ActiveCfg = Release|Any CPU
		{A899BEEB-A564-4020-A99C-EE3DE70AFB82}.Release|Any CPU.Build.0 = Release|Any CPU
		{D757F93B-724E-40BC-A5DA-A0D624F36AD8}.Debug|Any CPU.ActiveCfg = Debug|Any CPU
		{D757F93B-724E-40BC-A5DA-A0D624F36AD8}.Debug|Any CPU.Build.0 = Debug|Any CPU
		{D757F93B-724E-40BC-A5DA-A0D624F36AD8}.Release|Any CPU.ActiveCfg = Release|Any CPU
		{D757F93B-724E-40BC-A5DA-A0D624F36AD8}.Release|Any CPU.Build.0 = Release|Any CPU
		{4D2474E7-57A0-445B-B4A1-E7CF0418D2D6}.Debug|Any CPU.ActiveCfg = Debug|Any CPU
		{4D2474E7-57A0-445B-B4A1-E7CF0418D2D6}.Debug|Any CPU.Build.0 = Debug|Any CPU
		{4D2474E7-57A0-445B-B4A1-E7CF0418D2D6}.Release|Any CPU.ActiveCfg = Release|Any CPU
		{4D2474E7-57A0-445B-B4A1-E7CF0418D2D6}.Release|Any CPU.Build.0 = Release|Any CPU
	EndGlobalSection
	GlobalSection(SolutionProperties) = preSolution
		HideSolutionNode = FALSE
	EndGlobalSection
	GlobalSection(NestedProjects) = preSolution
		{F7E28DE1-7767-44D8-BDC8-F3EE6DEE5419} = {6B0E5F85-7099-487C-8AD9-C252233B4B5C}
		{679695D7-D5CC-4C15-84DF-4AF396511CC9} = {6B0E5F85-7099-487C-8AD9-C252233B4B5C}
		{A6C71CDA-1E9F-4373-A511-17B25E4C44F1} = {6B0E5F85-7099-487C-8AD9-C252233B4B5C}
		{885B3D4F-410A-47E2-8ECB-FD2D4CE5B391} = {F7E28DE1-7767-44D8-BDC8-F3EE6DEE5419}
		{2D61AA4D-E3E2-47DA-B243-D4F52E787CDE} = {F7E28DE1-7767-44D8-BDC8-F3EE6DEE5419}
		{2B25BAA8-4436-4F2C-894B-000131E9EDC3} = {F7E28DE1-7767-44D8-BDC8-F3EE6DEE5419}
		{64682063-6A4B-49E8-A30E-06D531831632} = {679695D7-D5CC-4C15-84DF-4AF396511CC9}
		{64C66A8D-ECFB-4F71-961E-FD4FF6BF85CE} = {679695D7-D5CC-4C15-84DF-4AF396511CC9}
		{4D2474E7-57A0-445B-B4A1-E7CF0418D2D6} = {679695D7-D5CC-4C15-84DF-4AF396511CC9}
		{FBB88242-871E-4135-90EA-4A8FCE7F22D5} = {86FD1D15-BA43-4C3C-8618-C183D044CD0F}
		{510B14CA-8517-497D-8D45-3D4A831089AC} = {86FD1D15-BA43-4C3C-8618-C183D044CD0F}
		{74E66D23-687B-40FE-AF14-463961382F6E} = {FBB88242-871E-4135-90EA-4A8FCE7F22D5}
		{A899BEEB-A564-4020-A99C-EE3DE70AFB82} = {510B14CA-8517-497D-8D45-3D4A831089AC}
		{D757F93B-724E-40BC-A5DA-A0D624F36AD8} = {A6C71CDA-1E9F-4373-A511-17B25E4C44F1}
	EndGlobalSection
EndGlobal
